
Microsoft Visual Studio Solution File, Format Version 12.00
# Visual Studio Version 16
VisualStudioVersion = 16.0.30320.27
MinimumVisualStudioVersion = 10.0.40219.1
Project("{9A19103F-16F7-4668-BE54-9A1E7A4F7556}") = "ReactiveElements", "ReactiveElements\ReactiveElements.csproj", "{9106A735-3A3F-431B-A054-56AE68C31198}"
EndProject
Project("{9A19103F-16F7-4668-BE54-9A1E7A4F7556}") = "ReactiveElements.Tests", "Tests\ReactiveElements.Tests\ReactiveElements.Tests.csproj", "{7B9479DC-BC74-461B-A876-509092135206}"
EndProject
Project("{9A19103F-16F7-4668-BE54-9A1E7A4F7556}") = "WpfApp1", "Examples\WpfApp1\WpfApp1.csproj", "{B113BB0E-48CC-4C26-8C15-6B8B332A9D7B}"
EndProject
Project("{2150E333-8FDC-42A3-9474-1A3956D46DE8}") = "Tests", "Tests", "{76FA8452-A0A9-4540-83CA-1C69A1D71B28}"
EndProject
Project("{2150E333-8FDC-42A3-9474-1A3956D46DE8}") = "Examples", "Examples", "{4BCAAE4E-D539-4DF2-BDE5-993DB56439FA}"
EndProject
Project("{FAE04EC0-301F-11D3-BF4B-00C04F79EFBC}") = "ReactiveElements.Uwp", "ReactiveElements.Uwp\ReactiveElements.Uwp.csproj", "{464796B6-AE5E-45A1-9872-AC93402CBE1F}"
EndProject
Project("{FAE04EC0-301F-11D3-BF4B-00C04F79EFBC}") = "ReactiveElements.Wpf.Tests", "Tests\ReactiveElements.Wpf.Tests\ReactiveElements.Wpf.Tests.csproj", "{5ECE88D9-9B48-457B-B0EB-B5B6E6D2E38D}"
EndProject
Project("{2150E333-8FDC-42A3-9474-1A3956D46DE8}") = "Solution Items", "Solution Items", "{46E31FCE-CD0C-4197-9DD1-EC1FADEEDA50}"
	ProjectSection(SolutionItems) = preProject
		nuget.config = nuget.config
	EndProjectSection
EndProject
Project("{2150E333-8FDC-42A3-9474-1A3956D46DE8}") = "Tools", "Tools", "{81C9FD8B-D694-4049-AA83-E99A4CD9777B}"
EndProject
Project("{2150E333-8FDC-42A3-9474-1A3956D46DE8}") = "Azure Artifacts Credential Provider", "Azure Artifacts Credential Provider", "{6A86EE9F-AB38-490A-9901-8D171435C2FF}"
	ProjectSection(SolutionItems) = preProject
		Tools\Azure Artifacts Credential Provider\install.cmd = Tools\Azure Artifacts Credential Provider\install.cmd
		Tools\Azure Artifacts Credential Provider\installcredprovider.ps1 = Tools\Azure Artifacts Credential Provider\installcredprovider.ps1
	EndProjectSection
EndProject
Project("{FAE04EC0-301F-11D3-BF4B-00C04F79EFBC}") = "WpfApp2", "Examples\WpfApp2\WpfApp2.csproj", "{0086F12D-D1E8-4500-AF6D-01D63E0B0898}"
EndProject
Project("{FAE04EC0-301F-11D3-BF4B-00C04F79EFBC}") = "ReactiveElements.Wpf", "ReactiveElements.Wpf\ReactiveElements.Wpf.csproj", "{ADDB2BBA-9B15-40B1-8F2E-39074E24B30A}"
EndProject
Project("{FAE04EC0-301F-11D3-BF4B-00C04F79EFBC}") = "ReactiveElements.WpfCore", "ReactiveElements.WpfCore\ReactiveElements.WpfCore.csproj", "{E98C2CF3-7CAF-4269-ACD1-9997882C0097}"
EndProject
Global
	GlobalSection(SolutionConfigurationPlatforms) = preSolution
		Debug|Any CPU = Debug|Any CPU
		Debug|ARM = Debug|ARM
		Debug|ARM64 = Debug|ARM64
		Debug|x64 = Debug|x64
		Debug|x86 = Debug|x86
		Release|Any CPU = Release|Any CPU
		Release|ARM = Release|ARM
		Release|ARM64 = Release|ARM64
		Release|x64 = Release|x64
		Release|x86 = Release|x86
	EndGlobalSection
	GlobalSection(ProjectConfigurationPlatforms) = postSolution
		{9106A735-3A3F-431B-A054-56AE68C31198}.Debug|Any CPU.ActiveCfg = Debug|Any CPU
		{9106A735-3A3F-431B-A054-56AE68C31198}.Debug|Any CPU.Build.0 = Debug|Any CPU
		{9106A735-3A3F-431B-A054-56AE68C31198}.Debug|ARM.ActiveCfg = Debug|Any CPU
		{9106A735-3A3F-431B-A054-56AE68C31198}.Debug|ARM.Build.0 = Debug|Any CPU
		{9106A735-3A3F-431B-A054-56AE68C31198}.Debug|ARM64.ActiveCfg = Debug|Any CPU
		{9106A735-3A3F-431B-A054-56AE68C31198}.Debug|ARM64.Build.0 = Debug|Any CPU
		{9106A735-3A3F-431B-A054-56AE68C31198}.Debug|x64.ActiveCfg = Debug|Any CPU
		{9106A735-3A3F-431B-A054-56AE68C31198}.Debug|x64.Build.0 = Debug|Any CPU
		{9106A735-3A3F-431B-A054-56AE68C31198}.Debug|x86.ActiveCfg = Debug|Any CPU
		{9106A735-3A3F-431B-A054-56AE68C31198}.Debug|x86.Build.0 = Debug|Any CPU
		{9106A735-3A3F-431B-A054-56AE68C31198}.Release|Any CPU.ActiveCfg = Release|Any CPU
		{9106A735-3A3F-431B-A054-56AE68C31198}.Release|Any CPU.Build.0 = Release|Any CPU
		{9106A735-3A3F-431B-A054-56AE68C31198}.Release|ARM.ActiveCfg = Release|Any CPU
		{9106A735-3A3F-431B-A054-56AE68C31198}.Release|ARM.Build.0 = Release|Any CPU
		{9106A735-3A3F-431B-A054-56AE68C31198}.Release|ARM64.ActiveCfg = Release|Any CPU
		{9106A735-3A3F-431B-A054-56AE68C31198}.Release|ARM64.Build.0 = Release|Any CPU
		{9106A735-3A3F-431B-A054-56AE68C31198}.Release|x64.ActiveCfg = Release|Any CPU
		{9106A735-3A3F-431B-A054-56AE68C31198}.Release|x64.Build.0 = Release|Any CPU
		{9106A735-3A3F-431B-A054-56AE68C31198}.Release|x86.ActiveCfg = Release|Any CPU
		{9106A735-3A3F-431B-A054-56AE68C31198}.Release|x86.Build.0 = Release|Any CPU
		{7B9479DC-BC74-461B-A876-509092135206}.Debug|Any CPU.ActiveCfg = Debug|Any CPU
		{7B9479DC-BC74-461B-A876-509092135206}.Debug|Any CPU.Build.0 = Debug|Any CPU
		{7B9479DC-BC74-461B-A876-509092135206}.Debug|ARM.ActiveCfg = Debug|Any CPU
		{7B9479DC-BC74-461B-A876-509092135206}.Debug|ARM.Build.0 = Debug|Any CPU
		{7B9479DC-BC74-461B-A876-509092135206}.Debug|ARM64.ActiveCfg = Debug|Any CPU
		{7B9479DC-BC74-461B-A876-509092135206}.Debug|ARM64.Build.0 = Debug|Any CPU
		{7B9479DC-BC74-461B-A876-509092135206}.Debug|x64.ActiveCfg = Debug|Any CPU
		{7B9479DC-BC74-461B-A876-509092135206}.Debug|x64.Build.0 = Debug|Any CPU
		{7B9479DC-BC74-461B-A876-509092135206}.Debug|x86.ActiveCfg = Debug|Any CPU
		{7B9479DC-BC74-461B-A876-509092135206}.Debug|x86.Build.0 = Debug|Any CPU
		{7B9479DC-BC74-461B-A876-509092135206}.Release|Any CPU.ActiveCfg = Release|Any CPU
		{7B9479DC-BC74-461B-A876-509092135206}.Release|Any CPU.Build.0 = Release|Any CPU
		{7B9479DC-BC74-461B-A876-509092135206}.Release|ARM.ActiveCfg = Release|Any CPU
		{7B9479DC-BC74-461B-A876-509092135206}.Release|ARM.Build.0 = Release|Any CPU
		{7B9479DC-BC74-461B-A876-509092135206}.Release|ARM64.ActiveCfg = Release|Any CPU
		{7B9479DC-BC74-461B-A876-509092135206}.Release|ARM64.Build.0 = Release|Any CPU
		{7B9479DC-BC74-461B-A876-509092135206}.Release|x64.ActiveCfg = Release|Any CPU
		{7B9479DC-BC74-461B-A876-509092135206}.Release|x64.Build.0 = Release|Any CPU
		{7B9479DC-BC74-461B-A876-509092135206}.Release|x86.ActiveCfg = Release|Any CPU
		{7B9479DC-BC74-461B-A876-509092135206}.Release|x86.Build.0 = Release|Any CPU
		{B113BB0E-48CC-4C26-8C15-6B8B332A9D7B}.Debug|Any CPU.ActiveCfg = Debug|Any CPU
		{B113BB0E-48CC-4C26-8C15-6B8B332A9D7B}.Debug|Any CPU.Build.0 = Debug|Any CPU
		{B113BB0E-48CC-4C26-8C15-6B8B332A9D7B}.Debug|ARM.ActiveCfg = Debug|Any CPU
		{B113BB0E-48CC-4C26-8C15-6B8B332A9D7B}.Debug|ARM.Build.0 = Debug|Any CPU
		{B113BB0E-48CC-4C26-8C15-6B8B332A9D7B}.Debug|ARM64.ActiveCfg = Debug|Any CPU
		{B113BB0E-48CC-4C26-8C15-6B8B332A9D7B}.Debug|ARM64.Build.0 = Debug|Any CPU
		{B113BB0E-48CC-4C26-8C15-6B8B332A9D7B}.Debug|x64.ActiveCfg = Debug|Any CPU
		{B113BB0E-48CC-4C26-8C15-6B8B332A9D7B}.Debug|x64.Build.0 = Debug|Any CPU
		{B113BB0E-48CC-4C26-8C15-6B8B332A9D7B}.Debug|x86.ActiveCfg = Debug|Any CPU
		{B113BB0E-48CC-4C26-8C15-6B8B332A9D7B}.Debug|x86.Build.0 = Debug|Any CPU
		{B113BB0E-48CC-4C26-8C15-6B8B332A9D7B}.Release|Any CPU.ActiveCfg = Release|Any CPU
		{B113BB0E-48CC-4C26-8C15-6B8B332A9D7B}.Release|Any CPU.Build.0 = Release|Any CPU
		{B113BB0E-48CC-4C26-8C15-6B8B332A9D7B}.Release|ARM.ActiveCfg = Release|Any CPU
		{B113BB0E-48CC-4C26-8C15-6B8B332A9D7B}.Release|ARM.Build.0 = Release|Any CPU
		{B113BB0E-48CC-4C26-8C15-6B8B332A9D7B}.Release|ARM64.ActiveCfg = Release|Any CPU
		{B113BB0E-48CC-4C26-8C15-6B8B332A9D7B}.Release|ARM64.Build.0 = Release|Any CPU
		{B113BB0E-48CC-4C26-8C15-6B8B332A9D7B}.Release|x64.ActiveCfg = Release|Any CPU
		{B113BB0E-48CC-4C26-8C15-6B8B332A9D7B}.Release|x64.Build.0 = Release|Any CPU
		{B113BB0E-48CC-4C26-8C15-6B8B332A9D7B}.Release|x86.ActiveCfg = Release|Any CPU
		{B113BB0E-48CC-4C26-8C15-6B8B332A9D7B}.Release|x86.Build.0 = Release|Any CPU
		{464796B6-AE5E-45A1-9872-AC93402CBE1F}.Debug|Any CPU.ActiveCfg = Debug|Any CPU
		{464796B6-AE5E-45A1-9872-AC93402CBE1F}.Debug|Any CPU.Build.0 = Debug|Any CPU
		{464796B6-AE5E-45A1-9872-AC93402CBE1F}.Debug|ARM.ActiveCfg = Debug|ARM
		{464796B6-AE5E-45A1-9872-AC93402CBE1F}.Debug|ARM.Build.0 = Debug|ARM
		{464796B6-AE5E-45A1-9872-AC93402CBE1F}.Debug|ARM64.ActiveCfg = Debug|ARM64
		{464796B6-AE5E-45A1-9872-AC93402CBE1F}.Debug|ARM64.Build.0 = Debug|ARM64
		{464796B6-AE5E-45A1-9872-AC93402CBE1F}.Debug|x64.ActiveCfg = Debug|x64
		{464796B6-AE5E-45A1-9872-AC93402CBE1F}.Debug|x64.Build.0 = Debug|x64
		{464796B6-AE5E-45A1-9872-AC93402CBE1F}.Debug|x86.ActiveCfg = Debug|x86
		{464796B6-AE5E-45A1-9872-AC93402CBE1F}.Debug|x86.Build.0 = Debug|x86
		{464796B6-AE5E-45A1-9872-AC93402CBE1F}.Release|Any CPU.ActiveCfg = Release|Any CPU
		{464796B6-AE5E-45A1-9872-AC93402CBE1F}.Release|Any CPU.Build.0 = Release|Any CPU
		{464796B6-AE5E-45A1-9872-AC93402CBE1F}.Release|ARM.ActiveCfg = Release|ARM
		{464796B6-AE5E-45A1-9872-AC93402CBE1F}.Release|ARM.Build.0 = Release|ARM
		{464796B6-AE5E-45A1-9872-AC93402CBE1F}.Release|ARM64.ActiveCfg = Release|ARM64
		{464796B6-AE5E-45A1-9872-AC93402CBE1F}.Release|ARM64.Build.0 = Release|ARM64
		{464796B6-AE5E-45A1-9872-AC93402CBE1F}.Release|x64.ActiveCfg = Release|x64
		{464796B6-AE5E-45A1-9872-AC93402CBE1F}.Release|x64.Build.0 = Release|x64
		{464796B6-AE5E-45A1-9872-AC93402CBE1F}.Release|x86.ActiveCfg = Release|x86
		{464796B6-AE5E-45A1-9872-AC93402CBE1F}.Release|x86.Build.0 = Release|x86
		{5ECE88D9-9B48-457B-B0EB-B5B6E6D2E38D}.Debug|Any CPU.ActiveCfg = Debug|Any CPU
		{5ECE88D9-9B48-457B-B0EB-B5B6E6D2E38D}.Debug|Any CPU.Build.0 = Debug|Any CPU
		{5ECE88D9-9B48-457B-B0EB-B5B6E6D2E38D}.Debug|ARM.ActiveCfg = Debug|Any CPU
		{5ECE88D9-9B48-457B-B0EB-B5B6E6D2E38D}.Debug|ARM.Build.0 = Debug|Any CPU
		{5ECE88D9-9B48-457B-B0EB-B5B6E6D2E38D}.Debug|ARM64.ActiveCfg = Debug|Any CPU
		{5ECE88D9-9B48-457B-B0EB-B5B6E6D2E38D}.Debug|ARM64.Build.0 = Debug|Any CPU
		{5ECE88D9-9B48-457B-B0EB-B5B6E6D2E38D}.Debug|x64.ActiveCfg = Debug|Any CPU
		{5ECE88D9-9B48-457B-B0EB-B5B6E6D2E38D}.Debug|x64.Build.0 = Debug|Any CPU
		{5ECE88D9-9B48-457B-B0EB-B5B6E6D2E38D}.Debug|x86.ActiveCfg = Debug|Any CPU
		{5ECE88D9-9B48-457B-B0EB-B5B6E6D2E38D}.Debug|x86.Build.0 = Debug|Any CPU
		{5ECE88D9-9B48-457B-B0EB-B5B6E6D2E38D}.Release|Any CPU.ActiveCfg = Release|Any CPU
		{5ECE88D9-9B48-457B-B0EB-B5B6E6D2E38D}.Release|Any CPU.Build.0 = Release|Any CPU
		{5ECE88D9-9B48-457B-B0EB-B5B6E6D2E38D}.Release|ARM.ActiveCfg = Release|Any CPU
		{5ECE88D9-9B48-457B-B0EB-B5B6E6D2E38D}.Release|ARM.Build.0 = Release|Any CPU
		{5ECE88D9-9B48-457B-B0EB-B5B6E6D2E38D}.Release|ARM64.ActiveCfg = Release|Any CPU
		{5ECE88D9-9B48-457B-B0EB-B5B6E6D2E38D}.Release|ARM64.Build.0 = Release|Any CPU
		{5ECE88D9-9B48-457B-B0EB-B5B6E6D2E38D}.Release|x64.ActiveCfg = Release|Any CPU
		{5ECE88D9-9B48-457B-B0EB-B5B6E6D2E38D}.Release|x64.Build.0 = Release|Any CPU
		{5ECE88D9-9B48-457B-B0EB-B5B6E6D2E38D}.Release|x86.ActiveCfg = Release|Any CPU
		{5ECE88D9-9B48-457B-B0EB-B5B6E6D2E38D}.Release|x86.Build.0 = Release|Any CPU
		{0086F12D-D1E8-4500-AF6D-01D63E0B0898}.Debug|Any CPU.ActiveCfg = Debug|Any CPU
		{0086F12D-D1E8-4500-AF6D-01D63E0B0898}.Debug|Any CPU.Build.0 = Debug|Any CPU
		{0086F12D-D1E8-4500-AF6D-01D63E0B0898}.Debug|ARM.ActiveCfg = Debug|Any CPU
		{0086F12D-D1E8-4500-AF6D-01D63E0B0898}.Debug|ARM.Build.0 = Debug|Any CPU
		{0086F12D-D1E8-4500-AF6D-01D63E0B0898}.Debug|ARM64.ActiveCfg = Debug|Any CPU
		{0086F12D-D1E8-4500-AF6D-01D63E0B0898}.Debug|ARM64.Build.0 = Debug|Any CPU
		{0086F12D-D1E8-4500-AF6D-01D63E0B0898}.Debug|x64.ActiveCfg = Debug|Any CPU
		{0086F12D-D1E8-4500-AF6D-01D63E0B0898}.Debug|x64.Build.0 = Debug|Any CPU
		{0086F12D-D1E8-4500-AF6D-01D63E0B0898}.Debug|x86.ActiveCfg = Debug|Any CPU
		{0086F12D-D1E8-4500-AF6D-01D63E0B0898}.Debug|x86.Build.0 = Debug|Any CPU
		{0086F12D-D1E8-4500-AF6D-01D63E0B0898}.Release|Any CPU.ActiveCfg = Release|Any CPU
		{0086F12D-D1E8-4500-AF6D-01D63E0B0898}.Release|Any CPU.Build.0 = Release|Any CPU
		{0086F12D-D1E8-4500-AF6D-01D63E0B0898}.Release|ARM.ActiveCfg = Release|Any CPU
		{0086F12D-D1E8-4500-AF6D-01D63E0B0898}.Release|ARM.Build.0 = Release|Any CPU
		{0086F12D-D1E8-4500-AF6D-01D63E0B0898}.Release|ARM64.ActiveCfg = Release|Any CPU
		{0086F12D-D1E8-4500-AF6D-01D63E0B0898}.Release|ARM64.Build.0 = Release|Any CPU
		{0086F12D-D1E8-4500-AF6D-01D63E0B0898}.Release|x64.ActiveCfg = Release|Any CPU
		{0086F12D-D1E8-4500-AF6D-01D63E0B0898}.Release|x64.Build.0 = Release|Any CPU
		{0086F12D-D1E8-4500-AF6D-01D63E0B0898}.Release|x86.ActiveCfg = Release|Any CPU
		{0086F12D-D1E8-4500-AF6D-01D63E0B0898}.Release|x86.Build.0 = Release|Any CPU
		{ADDB2BBA-9B15-40B1-8F2E-39074E24B30A}.Debug|Any CPU.ActiveCfg = Debug|Any CPU
		{ADDB2BBA-9B15-40B1-8F2E-39074E24B30A}.Debug|Any CPU.Build.0 = Debug|Any CPU
		{ADDB2BBA-9B15-40B1-8F2E-39074E24B30A}.Debug|ARM.ActiveCfg = Debug|Any CPU
		{ADDB2BBA-9B15-40B1-8F2E-39074E24B30A}.Debug|ARM.Build.0 = Debug|Any CPU
		{ADDB2BBA-9B15-40B1-8F2E-39074E24B30A}.Debug|ARM64.ActiveCfg = Debug|Any CPU
		{ADDB2BBA-9B15-40B1-8F2E-39074E24B30A}.Debug|ARM64.Build.0 = Debug|Any CPU
		{ADDB2BBA-9B15-40B1-8F2E-39074E24B30A}.Debug|x64.ActiveCfg = Debug|Any CPU
		{ADDB2BBA-9B15-40B1-8F2E-39074E24B30A}.Debug|x64.Build.0 = Debug|Any CPU
		{ADDB2BBA-9B15-40B1-8F2E-39074E24B30A}.Debug|x86.ActiveCfg = Debug|Any CPU
		{ADDB2BBA-9B15-40B1-8F2E-39074E24B30A}.Debug|x86.Build.0 = Debug|Any CPU
		{ADDB2BBA-9B15-40B1-8F2E-39074E24B30A}.Release|Any CPU.ActiveCfg = Release|Any CPU
		{ADDB2BBA-9B15-40B1-8F2E-39074E24B30A}.Release|Any CPU.Build.0 = Release|Any CPU
		{ADDB2BBA-9B15-40B1-8F2E-39074E24B30A}.Release|ARM.ActiveCfg = Release|Any CPU
		{ADDB2BBA-9B15-40B1-8F2E-39074E24B30A}.Release|ARM.Build.0 = Release|Any CPU
		{ADDB2BBA-9B15-40B1-8F2E-39074E24B30A}.Release|ARM64.ActiveCfg = Release|Any CPU
		{ADDB2BBA-9B15-40B1-8F2E-39074E24B30A}.Release|ARM64.Build.0 = Release|Any CPU
		{ADDB2BBA-9B15-40B1-8F2E-39074E24B30A}.Release|x64.ActiveCfg = Release|Any CPU
		{ADDB2BBA-9B15-40B1-8F2E-39074E24B30A}.Release|x64.Build.0 = Release|Any CPU
		{ADDB2BBA-9B15-40B1-8F2E-39074E24B30A}.Release|x86.ActiveCfg = Release|Any CPU
		{ADDB2BBA-9B15-40B1-8F2E-39074E24B30A}.Release|x86.Build.0 = Release|Any CPU
		{E98C2CF3-7CAF-4269-ACD1-9997882C0097}.Debug|Any CPU.ActiveCfg = Debug|Any CPU
		{E98C2CF3-7CAF-4269-ACD1-9997882C0097}.Debug|Any CPU.Build.0 = Debug|Any CPU
		{E98C2CF3-7CAF-4269-ACD1-9997882C0097}.Debug|ARM.ActiveCfg = Debug|Any CPU
		{E98C2CF3-7CAF-4269-ACD1-9997882C0097}.Debug|ARM.Build.0 = Debug|Any CPU
		{E98C2CF3-7CAF-4269-ACD1-9997882C0097}.Debug|ARM64.ActiveCfg = Debug|Any CPU
		{E98C2CF3-7CAF-4269-ACD1-9997882C0097}.Debug|ARM64.Build.0 = Debug|Any CPU
		{E98C2CF3-7CAF-4269-ACD1-9997882C0097}.Debug|x64.ActiveCfg = Debug|Any CPU
		{E98C2CF3-7CAF-4269-ACD1-9997882C0097}.Debug|x64.Build.0 = Debug|Any CPU
		{E98C2CF3-7CAF-4269-ACD1-9997882C0097}.Debug|x86.ActiveCfg = Debug|Any CPU
		{E98C2CF3-7CAF-4269-ACD1-9997882C0097}.Debug|x86.Build.0 = Debug|Any CPU
		{E98C2CF3-7CAF-4269-ACD1-9997882C0097}.Release|Any CPU.ActiveCfg = Release|Any CPU
		{E98C2CF3-7CAF-4269-ACD1-9997882C0097}.Release|Any CPU.Build.0 = Release|Any CPU
		{E98C2CF3-7CAF-4269-ACD1-9997882C0097}.Release|ARM.ActiveCfg = Release|Any CPU
		{E98C2CF3-7CAF-4269-ACD1-9997882C0097}.Release|ARM.Build.0 = Release|Any CPU
		{E98C2CF3-7CAF-4269-ACD1-9997882C0097}.Release|ARM64.ActiveCfg = Release|Any CPU
		{E98C2CF3-7CAF-4269-ACD1-9997882C0097}.Release|ARM64.Build.0 = Release|Any CPU
		{E98C2CF3-7CAF-4269-ACD1-9997882C0097}.Release|x64.ActiveCfg = Release|Any CPU
		{E98C2CF3-7CAF-4269-ACD1-9997882C0097}.Release|x64.Build.0 = Release|Any CPU
		{E98C2CF3-7CAF-4269-ACD1-9997882C0097}.Release|x86.ActiveCfg = Release|Any CPU
		{E98C2CF3-7CAF-4269-ACD1-9997882C0097}.Release|x86.Build.0 = Release|Any CPU
	EndGlobalSection
	GlobalSection(SolutionProperties) = preSolution
		HideSolutionNode = FALSE
	EndGlobalSection
	GlobalSection(NestedProjects) = preSolution
		{7B9479DC-BC74-461B-A876-509092135206} = {76FA8452-A0A9-4540-83CA-1C69A1D71B28}
		{B113BB0E-48CC-4C26-8C15-6B8B332A9D7B} = {4BCAAE4E-D539-4DF2-BDE5-993DB56439FA}
		{5ECE88D9-9B48-457B-B0EB-B5B6E6D2E38D} = {76FA8452-A0A9-4540-83CA-1C69A1D71B28}
		{6A86EE9F-AB38-490A-9901-8D171435C2FF} = {81C9FD8B-D694-4049-AA83-E99A4CD9777B}
		{0086F12D-D1E8-4500-AF6D-01D63E0B0898} = {4BCAAE4E-D539-4DF2-BDE5-993DB56439FA}
	EndGlobalSection
	GlobalSection(ExtensibilityGlobals) = postSolution
		SolutionGuid = {A47872CF-8DA6-442C-939C-1FEC6C623579}
	EndGlobalSection
EndGlobal
