
Microsoft Visual Studio Solution File, Format Version 12.00
# Visual Studio Version 16
VisualStudioVersion = 16.0.30320.27
MinimumVisualStudioVersion = 10.0.40219.1
Project("{9A19103F-16F7-4668-BE54-9A1E7A4F7556}") = "ReactiveElements", "ReactiveElements\ReactiveElements.csproj", "{9106A735-3A3F-431B-A054-56AE68C31198}"
EndProject
Project("{FAE04EC0-301F-11D3-BF4B-00C04F79EFBC}") = "ReactiveElements.Tests", "Tests\ReactiveElements.Tests\ReactiveElements.Tests.csproj", "{7B9479DC-BC74-461B-A876-509092135206}"
EndProject
Project("{FAE04EC0-301F-11D3-BF4B-00C04F79EFBC}") = "WpfApp1", "Examples\WpfApp1\WpfApp1.csproj", "{B113BB0E-48CC-4C26-8C15-6B8B332A9D7B}"
EndProject
Project("{2150E333-8FDC-42A3-9474-1A3956D46DE8}") = "Tests", "Tests", "{76FA8452-A0A9-4540-83CA-1C69A1D71B28}"
EndProject
Project("{2150E333-8FDC-42A3-9474-1A3956D46DE8}") = "Examples", "Examples", "{4BCAAE4E-D539-4DF2-BDE5-993DB56439FA}"
EndProject
Global
	GlobalSection(SolutionConfigurationPlatforms) = preSolution
		Debug|Any CPU = Debug|Any CPU
		Release|Any CPU = Release|Any CPU
	EndGlobalSection
	GlobalSection(ProjectConfigurationPlatforms) = postSolution
		{9106A735-3A3F-431B-A054-56AE68C31198}.Debug|Any CPU.ActiveCfg = Debug|Any CPU
		{9106A735-3A3F-431B-A054-56AE68C31198}.Debug|Any CPU.Build.0 = Debug|Any CPU
		{9106A735-3A3F-431B-A054-56AE68C31198}.Release|Any CPU.ActiveCfg = Release|Any CPU
		{9106A735-3A3F-431B-A054-56AE68C31198}.Release|Any CPU.Build.0 = Release|Any CPU
		{7B9479DC-BC74-461B-A876-509092135206}.Debug|Any CPU.ActiveCfg = Debug|Any CPU
		{7B9479DC-BC74-461B-A876-509092135206}.Debug|Any CPU.Build.0 = Debug|Any CPU
		{7B9479DC-BC74-461B-A876-509092135206}.Release|Any CPU.ActiveCfg = Release|Any CPU
		{7B9479DC-BC74-461B-A876-509092135206}.Release|Any CPU.Build.0 = Release|Any CPU
		{B113BB0E-48CC-4C26-8C15-6B8B332A9D7B}.Debug|Any CPU.ActiveCfg = Debug|Any CPU
		{B113BB0E-48CC-4C26-8C15-6B8B332A9D7B}.Debug|Any CPU.Build.0 = Debug|Any CPU
		{B113BB0E-48CC-4C26-8C15-6B8B332A9D7B}.Release|Any CPU.ActiveCfg = Release|Any CPU
		{B113BB0E-48CC-4C26-8C15-6B8B332A9D7B}.Release|Any CPU.Build.0 = Release|Any CPU
	EndGlobalSection
	GlobalSection(SolutionProperties) = preSolution
		HideSolutionNode = FALSE
	EndGlobalSection
	GlobalSection(NestedProjects) = preSolution
		{7B9479DC-BC74-461B-A876-509092135206} = {76FA8452-A0A9-4540-83CA-1C69A1D71B28}
		{B113BB0E-48CC-4C26-8C15-6B8B332A9D7B} = {4BCAAE4E-D539-4DF2-BDE5-993DB56439FA}
	EndGlobalSection
	GlobalSection(ExtensibilityGlobals) = postSolution
		SolutionGuid = {A47872CF-8DA6-442C-939C-1FEC6C623579}
	EndGlobalSection
EndGlobal
