
Microsoft Visual Studio Solution File, Format Version 12.00
# Visual Studio 15
VisualStudioVersion = 15.0.28307.1169
MinimumVisualStudioVersion = 10.0.40219.1
Project("{9A19103F-16F7-4668-BE54-9A1E7A4F7556}") = "ReactiveElements", "ReactiveElements\ReactiveElements.csproj", "{9106A735-3A3F-431B-A054-56AE68C31198}"
EndProject
Project("{FAE04EC0-301F-11D3-BF4B-00C04F79EFBC}") = "ReactiveElements.Tests", "Tests\ReactiveElements.Tests\ReactiveElements.Tests.csproj", "{019EE1F8-1CD1-402F-9001-27260EE9F714}"
EndProject
Global
	GlobalSection(SolutionConfigurationPlatforms) = preSolution
		Debug|Any CPU = Debug|Any CPU
		Release|Any CPU = Release|Any CPU
	EndGlobalSection
	GlobalSection(ProjectConfigurationPlatforms) = postSolution
		{9106A735-3A3F-431B-A054-56AE68C31198}.Debug|Any CPU.ActiveCfg = Debug|Any CPU
		{9106A735-3A3F-431B-A054-56AE68C31198}.Debug|Any CPU.Build.0 = Debug|Any CPU
		{9106A735-3A3F-431B-A054-56AE68C31198}.Release|Any CPU.ActiveCfg = Release|Any CPU
		{9106A735-3A3F-431B-A054-56AE68C31198}.Release|Any CPU.Build.0 = Release|Any CPU
		{019EE1F8-1CD1-402F-9001-27260EE9F714}.Debug|Any CPU.ActiveCfg = Debug|Any CPU
		{019EE1F8-1CD1-402F-9001-27260EE9F714}.Debug|Any CPU.Build.0 = Debug|Any CPU
		{019EE1F8-1CD1-402F-9001-27260EE9F714}.Release|Any CPU.ActiveCfg = Release|Any CPU
		{019EE1F8-1CD1-402F-9001-27260EE9F714}.Release|Any CPU.Build.0 = Release|Any CPU
	EndGlobalSection
	GlobalSection(SolutionProperties) = preSolution
		HideSolutionNode = FALSE
	EndGlobalSection
	GlobalSection(ExtensibilityGlobals) = postSolution
		SolutionGuid = {A47872CF-8DA6-442C-939C-1FEC6C623579}
	EndGlobalSection
EndGlobal
